{
  "name": "podcasts",
  "version": "1.0.0",
  "lockfileVersion": 1,
  "requires": true,
  "dependencies": {
    "@next/env": {
      "version": "14.2.15",
      "resolved": "https://registry.npmjs.org/@next/env/-/env-14.2.15.tgz",
      "integrity": "sha512-S1qaj25Wru2dUpcIZMjxeMVSwkt8BK4dmWHHiBuRstcIyOsMapqT4A4jSB6onvqeygkSSmOkyny9VVx8JIGamQ=="
    },
    "@next/swc-darwin-arm64": {
      "version": "14.2.15",
      "resolved": "https://registry.npmjs.org/@next/swc-darwin-arm64/-/swc-darwin-arm64-14.2.15.tgz",
      "integrity": "sha512-Rvh7KU9hOUBnZ9TJ28n2Oa7dD9cvDBKua9IKx7cfQQ0GoYUwg9ig31O2oMwH3wm+pE3IkAQ67ZobPfEgurPZIA==",
      "optional": true
    },
    "@next/swc-darwin-x64": {
      "version": "14.2.15",
      "resolved": "https://registry.npmjs.org/@next/swc-darwin-x64/-/swc-darwin-x64-14.2.15.tgz",
      "integrity": "sha512-5TGyjFcf8ampZP3e+FyCax5zFVHi+Oe7sZyaKOngsqyaNEpOgkKB3sqmymkZfowy3ufGA/tUgDPPxpQx931lHg==",
      "optional": true
    },
    "@next/swc-linux-arm64-gnu": {
      "version": "14.2.15",
      "resolved": "https://registry.npmjs.org/@next/swc-linux-arm64-gnu/-/swc-linux-arm64-gnu-14.2.15.tgz",
      "integrity": "sha512-3Bwv4oc08ONiQ3FiOLKT72Q+ndEMyLNsc/D3qnLMbtUYTQAmkx9E/JRu0DBpHxNddBmNT5hxz1mYBphJ3mfrrw==",
      "optional": true
    },
    "@next/swc-linux-arm64-musl": {
      "version": "14.2.15",
      "resolved": "https://registry.npmjs.org/@next/swc-linux-arm64-musl/-/swc-linux-arm64-musl-14.2.15.tgz",
      "integrity": "sha512-k5xf/tg1FBv/M4CMd8S+JL3uV9BnnRmoe7F+GWC3DxkTCD9aewFRH1s5rJ1zkzDa+Do4zyN8qD0N8c84Hu96FQ==",
      "optional": true
    },
    "@next/swc-linux-x64-gnu": {
      "version": "14.2.15",
      "resolved": "https://registry.npmjs.org/@next/swc-linux-x64-gnu/-/swc-linux-x64-gnu-14.2.15.tgz",
      "integrity": "sha512-kE6q38hbrRbKEkkVn62reLXhThLRh6/TvgSP56GkFNhU22TbIrQDEMrO7j0IcQHcew2wfykq8lZyHFabz0oBrA==",
      "optional": true
    },
    "@next/swc-linux-x64-musl": {
      "version": "14.2.15",
      "resolved": "https://registry.npmjs.org/@next/swc-linux-x64-musl/-/swc-linux-x64-musl-14.2.15.tgz",
      "integrity": "sha512-PZ5YE9ouy/IdO7QVJeIcyLn/Rc4ml9M2G4y3kCM9MNf1YKvFY4heg3pVa/jQbMro+tP6yc4G2o9LjAz1zxD7tQ==",
      "optional": true
    },
    "@next/swc-win32-arm64-msvc": {
      "version": "14.2.15",
      "resolved": "https://registry.npmjs.org/@next/swc-win32-arm64-msvc/-/swc-win32-arm64-msvc-14.2.15.tgz",
      "integrity": "sha512-2raR16703kBvYEQD9HNLyb0/394yfqzmIeyp2nDzcPV4yPjqNUG3ohX6jX00WryXz6s1FXpVhsCo3i+g4RUX+g==",
      "optional": true
    },
    "@next/swc-win32-ia32-msvc": {
      "version": "14.2.15",
      "resolved": "https://registry.npmjs.org/@next/swc-win32-ia32-msvc/-/swc-win32-ia32-msvc-14.2.15.tgz",
      "integrity": "sha512-fyTE8cklgkyR1p03kJa5zXEaZ9El+kDNM5A+66+8evQS5e/6v0Gk28LqA0Jet8gKSOyP+OTm/tJHzMlGdQerdQ==",
      "optional": true
    },
    "@next/swc-win32-x64-msvc": {
      "version": "14.2.15",
      "resolved": "https://registry.npmjs.org/@next/swc-win32-x64-msvc/-/swc-win32-x64-msvc-14.2.15.tgz",
      "integrity": "sha512-SzqGbsLsP9OwKNUG9nekShTwhj6JSB9ZLMWQ8g1gG6hdE5gQLncbnbymrwy2yVmH9nikSLYRYxYMFu78Ggp7/g==",
      "optional": true
    },
    "@swc/counter": {
      "version": "0.1.3",
      "resolved": "https://registry.npmjs.org/@swc/counter/-/counter-0.1.3.tgz",
      "integrity": "sha512-e2BR4lsJkkRlKZ/qCHPw9ZaSxc0MVUd7gtbtaB7aMvHeJVYe8sOB8DBZkP2DtISHGSku9sCK6T6cnY0CtXrOCQ=="
    },
    "@swc/helpers": {
      "version": "0.5.5",
      "resolved": "https://registry.npmjs.org/@swc/helpers/-/helpers-0.5.5.tgz",
      "integrity": "sha512-KGYxvIOXcceOAbEk4bi/dVLEK9z8sZ0uBB3Il5b1rhfClSpcX0yfRO0KmTkqR2cnQDymwLB+25ZyMzICg/cm/A==",
      "requires": {
        "@swc/counter": "^0.1.3",
        "tslib": "^2.4.0"
      }
    },
    "busboy": {
      "version": "1.6.0",
      "resolved": "https://registry.npmjs.org/busboy/-/busboy-1.6.0.tgz",
      "integrity": "sha512-8SFQbg/0hQ9xy3UNTB0YEnsNBbWfhf7RtnzpL7TkBiTBRfrQ9Fxcnz7VJsleJpyp6rVLvXiuORqjlHi5q+PYuA==",
      "requires": {
        "streamsearch": "^1.1.0"
      }
    },
    "caniuse-lite": {
      "version": "1.0.30001690",
      "resolved": "https://registry.npmjs.org/caniuse-lite/-/caniuse-lite-1.0.30001690.tgz",
      "integrity": "sha512-5ExiE3qQN6oF8Clf8ifIDcMRCRE/dMGcETG/XGMD8/XiXm6HXQgQTh1yZYLXXpSOsEUlJm1Xr7kGULZTuGtP/w=="
    },
    "client-only": {
      "version": "0.0.1",
      "resolved": "https://registry.npmjs.org/client-only/-/client-only-0.0.1.tgz",
      "integrity": "sha512-IV3Ou0jSMzZrd3pZ48nLkT9DA7Ag1pnPzaiQhpW7c3RbcqqzvzzVu+L8gfqMp/8IM2MQtSiqaCxrrcfu8I8rMA=="
    },
    "graceful-fs": {
      "version": "4.2.11",
      "resolved": "https://registry.npmjs.org/graceful-fs/-/graceful-fs-4.2.11.tgz",
      "integrity": "sha512-RbJ5/jmFcNNCcDV5o9eTnBLJ/HszWV0P73bc+Ff4nS/rJj+YaS6IGyiOL0VoBYX+l1Wrl3k63h/KrH+nhJ0XvQ=="
    },
    "isomorphic-fetch": {
      "version": "3.0.0",
      "resolved": "https://registry.npmjs.org/isomorphic-fetch/-/isomorphic-fetch-3.0.0.tgz",
      "integrity": "sha512-qvUtwJ3j6qwsF3jLxkZ72qCgjMysPzDfeV240JHiGZsANBYd+EEuu35v7dfrJ9Up0Ak07D7GGSkGhCHTqg/5wA==",
      "requires": {
        "node-fetch": "^2.6.1",
        "whatwg-fetch": "^3.4.1"
      }
    },
    "js-tokens": {
      "version": "4.0.0",
      "resolved": "https://registry.npmjs.org/js-tokens/-/js-tokens-4.0.0.tgz",
      "integrity": "sha512-RdJUflcE3cUzKiMqQgsCu06FPu9UdIJO0beYbPhHN4k6apgJtifcoCtT9bcxOpYBtpD2kCM6Sbzg4CausW/PKQ=="
    },
    "loose-envify": {
      "version": "1.4.0",
      "resolved": "https://registry.npmjs.org/loose-envify/-/loose-envify-1.4.0.tgz",
      "integrity": "sha512-lyuxPGr/Wfhrlem2CL/UcnUc1zcqKAImBDzukY7Y5F/yQiNdko6+fRLevlw1HgMySw7f611UIY408EtxRSoK3Q==",
      "requires": {
        "js-tokens": "^3.0.0 || ^4.0.0"
      }
    },
    "nanoid": {
      "version": "3.3.8",
      "resolved": "https://registry.npmjs.org/nanoid/-/nanoid-3.3.8.tgz",
      "integrity": "sha512-WNLf5Sd8oZxOm+TzppcYk8gVOgP+l58xNy58D0nbUnOxOWRWvlcCV4kUF7ltmI6PsrLl/BgKEyS4mqsGChFN0w=="
    },
    "next": {
      "version": "14.2.15",
      "resolved": "https://registry.npmjs.org/next/-/next-14.2.15.tgz",
      "integrity": "sha512-h9ctmOokpoDphRvMGnwOJAedT6zKhwqyZML9mDtspgf4Rh3Pn7UTYKqePNoDvhsWBAO5GoPNYshnAUGIazVGmw==",
      "requires": {
        "@next/env": "14.2.15",
        "@next/swc-darwin-arm64": "14.2.15",
        "@next/swc-darwin-x64": "14.2.15",
        "@next/swc-linux-arm64-gnu": "14.2.15",
        "@next/swc-linux-arm64-musl": "14.2.15",
        "@next/swc-linux-x64-gnu": "14.2.15",
        "@next/swc-linux-x64-musl": "14.2.15",
        "@next/swc-win32-arm64-msvc": "14.2.15",
        "@next/swc-win32-ia32-msvc": "14.2.15",
        "@next/swc-win32-x64-msvc": "14.2.15",
        "@swc/helpers": "0.5.5",
        "busboy": "1.6.0",
        "caniuse-lite": "^1.0.30001579",
        "graceful-fs": "^4.2.11",
        "postcss": "8.4.31",
        "styled-jsx": "5.1.1"
      }
    },
    "node-fetch": {
      "version": "2.6.9",
      "resolved": "https://registry.npmjs.org/node-fetch/-/node-fetch-2.6.9.tgz",
      "integrity": "sha512-DJm/CJkZkRjKKj4Zi4BsKVZh3ValV5IR5s7LVZnW+6YMh0W1BfNA8XSs6DLMGYlId5F3KnA70uu2qepcR08Qqg==",
      "requires": {
        "whatwg-url": "^5.0.0"
      }
    },
    "object-assign": {
      "version": "4.1.1",
      "resolved": "https://registry.npmjs.org/object-assign/-/object-assign-4.1.1.tgz",
      "integrity": "sha1-IQmtx5ZYh8/AXLvUQsrIv7s2CGM="
    },
    "picocolors": {
      "version": "1.1.1",
      "resolved": "https://registry.npmjs.org/picocolors/-/picocolors-1.1.1.tgz",
      "integrity": "sha512-xceH2snhtb5M9liqDsmEw56le376mTZkEX/jEb/RxNFyegNul7eNslCXP9FDj/Lcu0X8KEyMceP2ntpaHrDEVA=="
    },
    "postcss": {
      "version": "8.4.31",
      "resolved": "https://registry.npmjs.org/postcss/-/postcss-8.4.31.tgz",
      "integrity": "sha512-PS08Iboia9mts/2ygV3eLpY5ghnUcfLV/EXTOW1E2qYxJKGGBUtNjN76FYHnMs36RmARn41bC0AZmn+rR0OVpQ==",
      "requires": {
        "nanoid": "^3.3.6",
        "picocolors": "^1.0.0",
        "source-map-js": "^1.0.2"
      }
    },
    "prop-types": {
      "version": "15.7.2",
      "resolved": "https://registry.npmjs.org/prop-types/-/prop-types-15.7.2.tgz",
      "integrity": "sha512-8QQikdH7//R2vurIJSutZ1smHYTcLpRWEOlHnzcWHmBYrOGUysKwSsrC89BCiFj3CbrfJ/nXFdJepOVrY1GCHQ==",
      "requires": {
        "loose-envify": "^1.4.0",
        "object-assign": "^4.1.1",
        "react-is": "^16.8.1"
      }
    },
    "react": {
      "version": "16.12.0",
      "resolved": "https://registry.npmjs.org/react/-/react-16.12.0.tgz",
      "integrity": "sha512-fglqy3k5E+81pA8s+7K0/T3DBCF0ZDOher1elBFzF7O6arXJgzyu/FW+COxFvAWXJoJN9KIZbT2LXlukwphYTA==",
      "requires": {
        "loose-envify": "^1.1.0",
        "object-assign": "^4.1.1",
        "prop-types": "^15.6.2"
      }
    },
    "react-dom": {
      "version": "16.12.0",
      "resolved": "https://registry.npmjs.org/react-dom/-/react-dom-16.12.0.tgz",
      "integrity": "sha512-LMxFfAGrcS3kETtQaCkTKjMiifahaMySFDn71fZUNpPHZQEzmk/GiAeIT8JSOrHB23fnuCOMruL2a8NYlw+8Gw==",
      "requires": {
        "loose-envify": "^1.1.0",
        "object-assign": "^4.1.1",
        "prop-types": "^15.6.2",
        "scheduler": "^0.18.0"
      }
    },
    "react-is": {
      "version": "16.8.6",
      "resolved": "https://registry.npmjs.org/react-is/-/react-is-16.8.6.tgz",
      "integrity": "sha512-aUk3bHfZ2bRSVFFbbeVS4i+lNPZr3/WM5jT2J5omUVV1zzcs1nAaf3l51ctA5FFvCRbhrH0bdAsRRQddFJZPtA=="
    },
    "scheduler": {
      "version": "0.18.0",
      "resolved": "https://registry.npmjs.org/scheduler/-/scheduler-0.18.0.tgz",
      "integrity": "sha512-agTSHR1Nbfi6ulI0kYNK0203joW2Y5W4po4l+v03tOoiJKpTBbxpNhWDvqc/4IcOw+KLmSiQLTasZ4cab2/UWQ==",
      "requires": {
        "loose-envify": "^1.1.0",
        "object-assign": "^4.1.1"
      }
    },
    "slugify": {
      "version": "1.3.6",
      "resolved": "https://registry.npmjs.org/slugify/-/slugify-1.3.6.tgz",
      "integrity": "sha512-wA9XS475ZmGNlEnYYLPReSfuz/c3VQsEMoU43mi6OnKMCdbnFXd4/Yg7J0lBv8jkPolacMpOrWEaoYxuE1+hoQ=="
    },
    "source-map-js": {
      "version": "1.2.1",
      "resolved": "https://registry.npmjs.org/source-map-js/-/source-map-js-1.2.1.tgz",
      "integrity": "sha512-UXWMKhLOwVKb728IUtQPXxfYU+usdybtUrK/8uGE8CQMvrhOpwvzDBwj0QhSL7MQc7vIsISBG8VQ8+IDQxpfQA=="
    },
    "streamsearch": {
      "version": "1.1.0",
      "resolved": "https://registry.npmjs.org/streamsearch/-/streamsearch-1.1.0.tgz",
      "integrity": "sha512-Mcc5wHehp9aXz1ax6bZUyY5afg9u2rv5cqQI3mRrYkGC8rW2hM02jWuwjtL++LS5qinSyhj2QfLyNsuc+VsExg=="
    },
    "styled-jsx": {
      "version": "5.1.1",
      "resolved": "https://registry.npmjs.org/styled-jsx/-/styled-jsx-5.1.1.tgz",
      "integrity": "sha512-pW7uC1l4mBZ8ugbiZrcIsiIvVx1UmTfw7UkC3Um2tmfUq9Bhk8IiyEIPl6F8agHgjzku6j0xQEZbfA5uSgSaCw==",
      "requires": {
        "client-only": "0.0.1"
      }
    },
    "tr46": {
      "version": "0.0.3",
      "resolved": "https://registry.npmjs.org/tr46/-/tr46-0.0.3.tgz",
      "integrity": "sha512-N3WMsuqV66lT30CrXNbEjx4GEwlow3v6rr4mCcv6prnfwhS01rkgyFdjPNBYd9br7LpXV1+Emh01fHnq2Gdgrw=="
    },
    "tslib": {
      "version": "2.8.1",
      "resolved": "https://registry.npmjs.org/tslib/-/tslib-2.8.1.tgz",
      "integrity": "sha512-oJFu94HQb+KVduSUQL7wnpmqnfmLsOA/nAh6b6EH0wCEoK0/mPeXU6c3wKDV83MkOuHPRHtSXKKU99IBazS/2w=="
    },
    "webidl-conversions": {
      "version": "3.0.1",
      "resolved": "https://registry.npmjs.org/webidl-conversions/-/webidl-conversions-3.0.1.tgz",
      "integrity": "sha512-2JAn3z8AR6rjK8Sm8orRC0h/bcl/DqL7tRPdGZ4I1CjdF+EaMLmYxBHyXuKL849eucPFhvBoxMsflfOb8kxaeQ=="
    },
    "whatwg-fetch": {
      "version": "3.6.2",
      "resolved": "https://registry.npmjs.org/whatwg-fetch/-/whatwg-fetch-3.6.2.tgz",
      "integrity": "sha512-bJlen0FcuU/0EMLrdbJ7zOnW6ITZLrZMIarMUVmdKtsGvZna8vxKYaexICWPfZ8qwf9fzNq+UEIZrnSaApt6RA=="
    },
    "whatwg-url": {
      "version": "5.0.0",
      "resolved": "https://registry.npmjs.org/whatwg-url/-/whatwg-url-5.0.0.tgz",
      "integrity": "sha512-saE57nupxk6v3HY35+jzBwYa0rKSy0XR8JSxZPwgLr7ys0IBzhGviA1/TUGJLmSVqs8pb9AnvICXEuOHLprYTw==",
      "requires": {
        "tr46": "~0.0.3",
        "webidl-conversions": "^3.0.0"
      }
    }
  }
}
